
Microsoft Visual Studio Solution File, Format Version 12.00
# Visual Studio 2013
VisualStudioVersion = 12.0.31101.0
MinimumVisualStudioVersion = 10.0.40219.1
Project("{FAE04EC0-301F-11D3-BF4B-00C04F79EFBC}") = "Codentia.Common.Helper", "src\app\Codentia.Common.Helper.csproj", "{49113452-50E2-4BED-8147-9BB8CA590143}"
EndProject
Project("{FAE04EC0-301F-11D3-BF4B-00C04F79EFBC}") = "Codentia.Common.Helper.Test", "src\test\Codentia.Common.Helper.Test.csproj", "{16B232CF-74FD-45F1-9EF9-C9ACDC583B27}"
EndProject
Global
	GlobalSection(SolutionConfigurationPlatforms) = preSolution
		Debug|Any CPU = Debug|Any CPU
		Release|Any CPU = Release|Any CPU
	EndGlobalSection
	GlobalSection(ProjectConfigurationPlatforms) = postSolution
		{49113452-50E2-4BED-8147-9BB8CA590143}.Debug|Any CPU.ActiveCfg = Debug|Any CPU
		{49113452-50E2-4BED-8147-9BB8CA590143}.Debug|Any CPU.Build.0 = Debug|Any CPU
		{49113452-50E2-4BED-8147-9BB8CA590143}.Release|Any CPU.ActiveCfg = Release|Any CPU
		{49113452-50E2-4BED-8147-9BB8CA590143}.Release|Any CPU.Build.0 = Release|Any CPU
		{16B232CF-74FD-45F1-9EF9-C9ACDC583B27}.Debug|Any CPU.ActiveCfg = Debug|Any CPU
		{16B232CF-74FD-45F1-9EF9-C9ACDC583B27}.Debug|Any CPU.Build.0 = Debug|Any CPU
		{16B232CF-74FD-45F1-9EF9-C9ACDC583B27}.Release|Any CPU.ActiveCfg = Release|Any CPU
		{16B232CF-74FD-45F1-9EF9-C9ACDC583B27}.Release|Any CPU.Build.0 = Release|Any CPU
	EndGlobalSection
	GlobalSection(SolutionProperties) = preSolution
		HideSolutionNode = FALSE
	EndGlobalSection
EndGlobal
